
Microsoft Visual Studio Solution File, Format Version 12.00
# Visual Studio 15
VisualStudioVersion = 15.0.28010.2003
MinimumVisualStudioVersion = 10.0.40219.1
Project("{FAE04EC0-301F-11D3-BF4B-00C04F79EFBC}") = "Ejercicio3_Semana13", "Ejercicio3_Semana13\Ejercicio3_Semana13.csproj", "{F955BCEC-0871-4950-A50B-C9572E5EE9D5}"
EndProject
Global
	GlobalSection(SolutionConfigurationPlatforms) = preSolution
		Debug|Any CPU = Debug|Any CPU
		Release|Any CPU = Release|Any CPU
	EndGlobalSection
	GlobalSection(ProjectConfigurationPlatforms) = postSolution
		{F955BCEC-0871-4950-A50B-C9572E5EE9D5}.Debug|Any CPU.ActiveCfg = Debug|Any CPU
		{F955BCEC-0871-4950-A50B-C9572E5EE9D5}.Debug|Any CPU.Build.0 = Debug|Any CPU
		{F955BCEC-0871-4950-A50B-C9572E5EE9D5}.Release|Any CPU.ActiveCfg = Release|Any CPU
		{F955BCEC-0871-4950-A50B-C9572E5EE9D5}.Release|Any CPU.Build.0 = Release|Any CPU
	EndGlobalSection
	GlobalSection(SolutionProperties) = preSolution
		HideSolutionNode = FALSE
	EndGlobalSection
	GlobalSection(ExtensibilityGlobals) = postSolution
		SolutionGuid = {FB4206CA-A55F-4A40-9664-B6722BCD901F}
	EndGlobalSection
EndGlobal
